
Microsoft Visual Studio Solution File, Format Version 12.00
# Visual Studio Version 16
VisualStudioVersion = 16.0.33027.164
MinimumVisualStudioVersion = 10.0.40219.1
Project("{FAE04EC0-301F-11D3-BF4B-00C04F79EFBC}") = "SkillBox 4.1", "SkillBox 4.1\SkillBox 4.1.csproj", "{3CE9BF1D-398D-48C2-8169-7A1EA49B3BAA}"
EndProject
Project("{FAE04EC0-301F-11D3-BF4B-00C04F79EFBC}") = "SkillBox 4.2", "SkillBox 4.2\SkillBox 4.2.csproj", "{79E7B78E-CDE9-4C6A-8270-DB6B42E9DAD5}"
EndProject
Global
	GlobalSection(SolutionConfigurationPlatforms) = preSolution
		Debug|Any CPU = Debug|Any CPU
		Release|Any CPU = Release|Any CPU
	EndGlobalSection
	GlobalSection(ProjectConfigurationPlatforms) = postSolution
		{3CE9BF1D-398D-48C2-8169-7A1EA49B3BAA}.Debug|Any CPU.ActiveCfg = Debug|Any CPU
		{3CE9BF1D-398D-48C2-8169-7A1EA49B3BAA}.Debug|Any CPU.Build.0 = Debug|Any CPU
		{3CE9BF1D-398D-48C2-8169-7A1EA49B3BAA}.Release|Any CPU.ActiveCfg = Release|Any CPU
		{3CE9BF1D-398D-48C2-8169-7A1EA49B3BAA}.Release|Any CPU.Build.0 = Release|Any CPU
		{79E7B78E-CDE9-4C6A-8270-DB6B42E9DAD5}.Debug|Any CPU.ActiveCfg = Debug|Any CPU
		{79E7B78E-CDE9-4C6A-8270-DB6B42E9DAD5}.Debug|Any CPU.Build.0 = Debug|Any CPU
		{79E7B78E-CDE9-4C6A-8270-DB6B42E9DAD5}.Release|Any CPU.ActiveCfg = Release|Any CPU
		{79E7B78E-CDE9-4C6A-8270-DB6B42E9DAD5}.Release|Any CPU.Build.0 = Release|Any CPU
	EndGlobalSection
	GlobalSection(SolutionProperties) = preSolution
		HideSolutionNode = FALSE
	EndGlobalSection
	GlobalSection(ExtensibilityGlobals) = postSolution
		SolutionGuid = {E3F5FEED-61E6-4EA5-81D3-91FECEB47159}
	EndGlobalSection
EndGlobal
