
Microsoft Visual Studio Solution File, Format Version 12.00
# Visual Studio Version 16
VisualStudioVersion = 16.0.33027.164
MinimumVisualStudioVersion = 10.0.40219.1
Project("{FAE04EC0-301F-11D3-BF4B-00C04F79EFBC}") = "SkillBox 5.1", "SkillBox 5.1\SkillBox 5.1.csproj", "{43ED9C26-1D45-40EB-A345-D11C5978D045}"
EndProject
Project("{FAE04EC0-301F-11D3-BF4B-00C04F79EFBC}") = "SkillBox 5.2", "SkillBox 5.2\SkillBox 5.2.csproj", "{2C65B78E-D40C-40D8-9732-2A2A930734CC}"
EndProject
Global
	GlobalSection(SolutionConfigurationPlatforms) = preSolution
		Debug|Any CPU = Debug|Any CPU
		Release|Any CPU = Release|Any CPU
	EndGlobalSection
	GlobalSection(ProjectConfigurationPlatforms) = postSolution
		{43ED9C26-1D45-40EB-A345-D11C5978D045}.Debug|Any CPU.ActiveCfg = Debug|Any CPU
		{43ED9C26-1D45-40EB-A345-D11C5978D045}.Debug|Any CPU.Build.0 = Debug|Any CPU
		{43ED9C26-1D45-40EB-A345-D11C5978D045}.Release|Any CPU.ActiveCfg = Release|Any CPU
		{43ED9C26-1D45-40EB-A345-D11C5978D045}.Release|Any CPU.Build.0 = Release|Any CPU
		{2C65B78E-D40C-40D8-9732-2A2A930734CC}.Debug|Any CPU.ActiveCfg = Debug|Any CPU
		{2C65B78E-D40C-40D8-9732-2A2A930734CC}.Debug|Any CPU.Build.0 = Debug|Any CPU
		{2C65B78E-D40C-40D8-9732-2A2A930734CC}.Release|Any CPU.ActiveCfg = Release|Any CPU
		{2C65B78E-D40C-40D8-9732-2A2A930734CC}.Release|Any CPU.Build.0 = Release|Any CPU
	EndGlobalSection
	GlobalSection(SolutionProperties) = preSolution
		HideSolutionNode = FALSE
	EndGlobalSection
	GlobalSection(ExtensibilityGlobals) = postSolution
		SolutionGuid = {D1F4F654-1E47-427D-B94D-65FE3054663B}
	EndGlobalSection
EndGlobal
